
Microsoft Visual Studio Solution File, Format Version 12.00
# Visual Studio Version 17
VisualStudioVersion = 17.0.31717.71
MinimumVisualStudioVersion = 10.0.40219.1
Project("{9A19103F-16F7-4668-BE54-9A1E7A4F7556}") = "MudServer", "MudServer.csproj", "{9D0A4494-59EA-4671-A429-86074B6380DF}"
EndProject
Global
	GlobalSection(SolutionConfigurationPlatforms) = preSolution
		Debug|Any CPU = Debug|Any CPU
		Release|Any CPU = Release|Any CPU
	EndGlobalSection
	GlobalSection(ProjectConfigurationPlatforms) = postSolution
		{9D0A4494-59EA-4671-A429-86074B6380DF}.Debug|Any CPU.ActiveCfg = Debug|Any CPU
		{9D0A4494-59EA-4671-A429-86074B6380DF}.Debug|Any CPU.Build.0 = Debug|Any CPU
		{9D0A4494-59EA-4671-A429-86074B6380DF}.Release|Any CPU.ActiveCfg = Release|Any CPU
		{9D0A4494-59EA-4671-A429-86074B6380DF}.Release|Any CPU.Build.0 = Release|Any CPU
	EndGlobalSection
	GlobalSection(SolutionProperties) = preSolution
		HideSolutionNode = FALSE
	EndGlobalSection
	GlobalSection(ExtensibilityGlobals) = postSolution
		SolutionGuid = {246C4BCF-7FA7-4386-983E-A6F9EBFEA1F8}
	EndGlobalSection
EndGlobal